
Microsoft Visual Studio Solution File, Format Version 12.00
# Visual Studio 15
VisualStudioVersion = 15.0.28307.572
MinimumVisualStudioVersion = 10.0.40219.1
Project("{FAE04EC0-301F-11D3-BF4B-00C04F79EFBC}") = "BROK5719", "BROK5719\BROK5719.csproj", "{F30EF6B5-3D01-4943-8C3D-05D5B4FB0ABB}"
EndProject
Global
	GlobalSection(SolutionConfigurationPlatforms) = preSolution
		Debug|Any CPU = Debug|Any CPU
		Release|Any CPU = Release|Any CPU
	EndGlobalSection
	GlobalSection(ProjectConfigurationPlatforms) = postSolution
		{F30EF6B5-3D01-4943-8C3D-05D5B4FB0ABB}.Debug|Any CPU.ActiveCfg = Debug|Any CPU
		{F30EF6B5-3D01-4943-8C3D-05D5B4FB0ABB}.Debug|Any CPU.Build.0 = Debug|Any CPU
		{F30EF6B5-3D01-4943-8C3D-05D5B4FB0ABB}.Release|Any CPU.ActiveCfg = Release|Any CPU
		{F30EF6B5-3D01-4943-8C3D-05D5B4FB0ABB}.Release|Any CPU.Build.0 = Release|Any CPU
	EndGlobalSection
	GlobalSection(SolutionProperties) = preSolution
		HideSolutionNode = FALSE
	EndGlobalSection
	GlobalSection(ExtensibilityGlobals) = postSolution
		SolutionGuid = {EF9473AF-74EF-4EDA-BCBE-625F8BC59653}
	EndGlobalSection
EndGlobal
